
Microsoft Visual Studio Solution File, Format Version 12.00
# Visual Studio Version 17
VisualStudioVersion = 17.6.33801.468
MinimumVisualStudioVersion = 10.0.40219.1
Project("{FAE04EC0-301F-11D3-BF4B-00C04F79EFBC}") = "Mobile Contacts", "Mobile Contacts\Mobile Contacts.csproj", "{687B1E08-A788-4C8F-A84F-38A9557BD719}"
EndProject
Global
	GlobalSection(SolutionConfigurationPlatforms) = preSolution
		Debug|Any CPU = Debug|Any CPU
		Release|Any CPU = Release|Any CPU
	EndGlobalSection
	GlobalSection(ProjectConfigurationPlatforms) = postSolution
		{687B1E08-A788-4C8F-A84F-38A9557BD719}.Debug|Any CPU.ActiveCfg = Debug|Any CPU
		{687B1E08-A788-4C8F-A84F-38A9557BD719}.Debug|Any CPU.Build.0 = Debug|Any CPU
		{687B1E08-A788-4C8F-A84F-38A9557BD719}.Release|Any CPU.ActiveCfg = Release|Any CPU
		{687B1E08-A788-4C8F-A84F-38A9557BD719}.Release|Any CPU.Build.0 = Release|Any CPU
	EndGlobalSection
	GlobalSection(SolutionProperties) = preSolution
		HideSolutionNode = FALSE
	EndGlobalSection
	GlobalSection(ExtensibilityGlobals) = postSolution
		SolutionGuid = {F4E7C3BE-18B6-43B1-8814-EA7A19F72D73}
	EndGlobalSection
EndGlobal
